
Microsoft Visual Studio Solution File, Format Version 12.00
# Visual Studio Version 16
VisualStudioVersion = 16.0.33927.289
MinimumVisualStudioVersion = 10.0.40219.1
Project("{2150E333-8FDC-42A3-9474-1A3956D46DE8}") = "Task 0", "Task 0", "{FCABF3A9-6318-473C-8693-48D9A2357A4A}"
EndProject
Project("{FAE04EC0-301F-11D3-BF4B-00C04F79EFBC}") = "Tyuiu.BotanogovDS.Sprint4.Task0.V18", "Tyuiu.BotanogovDS.Sprint4.Task0.V18\Tyuiu.BotanogovDS.Sprint4.Task0.V18.csproj", "{6E0C2E6F-2772-42F9-9F4B-4239A4407448}"
EndProject
Project("{FAE04EC0-301F-11D3-BF4B-00C04F79EFBC}") = "Tyuiu.BotanogovDS.Sprint4.Task0.V18.Lib", "Tyuiu.BotanogovDS.Sprint4.Task0.V18.Lib\Tyuiu.BotanogovDS.Sprint4.Task0.V18.Lib.csproj", "{3DB1D574-4143-4310-B8F3-0CA9BFEEFC60}"
EndProject
Project("{FAE04EC0-301F-11D3-BF4B-00C04F79EFBC}") = "Tyuiu.BotanogovDS.Sprint4.Task0.V18.Test", "Tyuiu.BotanogovDS.Sprint4.Task0.V18.Test\Tyuiu.BotanogovDS.Sprint4.Task0.V18.Test.csproj", "{52726FCA-7901-443C-9D62-08DFB035A45A}"
EndProject
Project("{2150E333-8FDC-42A3-9474-1A3956D46DE8}") = "Task 1", "Task 1", "{5F7D907A-3C5B-43DF-80D4-3948511212C5}"
EndProject
Project("{FAE04EC0-301F-11D3-BF4B-00C04F79EFBC}") = "Tyuiu.BotanogovDS.Sprint4.Task1.V18", "Tyuiu.BotanogovDS.Sprint4.Task1.V18\Tyuiu.BotanogovDS.Sprint4.Task1.V18.csproj", "{7E8FAB6B-8691-4EEA-A049-CF3CE56E42E5}"
EndProject
Project("{FAE04EC0-301F-11D3-BF4B-00C04F79EFBC}") = "Tyuiu.BotanogovDS.Sprint4.Task1.V18.Test", "Tyuiu.BotanogovDS.Sprint4.Task1.V18.Test\Tyuiu.BotanogovDS.Sprint4.Task1.V18.Test.csproj", "{437C9688-370D-42AF-9298-FDA8A1F0A532}"
EndProject
Project("{FAE04EC0-301F-11D3-BF4B-00C04F79EFBC}") = "Tyuiu.BotanogovDS.Sprint4.Task1.V18.Lib", "Tyuiu.BotanogovDS.Sprint4.Task1.V18.Lib\Tyuiu.BotanogovDS.Sprint4.Task1.V18.Lib.csproj", "{5BE9A6F7-A9EB-426F-8F8D-23FF5215E9FF}"
EndProject
Project("{2150E333-8FDC-42A3-9474-1A3956D46DE8}") = "Task 2", "Task 2", "{1AFD47B5-CAE5-41C7-B827-776A677D5959}"
EndProject
Project("{FAE04EC0-301F-11D3-BF4B-00C04F79EFBC}") = "Tyuiu.BotanogovDS.Sprint4.Task2.V24", "Tyuiu.BotanogovDS.Sprint4.Task2.V24\Tyuiu.BotanogovDS.Sprint4.Task2.V24.csproj", "{C7DB4BB9-0842-4854-879A-979B6CA0332C}"
EndProject
Project("{FAE04EC0-301F-11D3-BF4B-00C04F79EFBC}") = "Tyuiu.BotanogovDS.Sprint4.Task2.V24.Lib", "Tyuiu.BotanogovDS.Sprint4.Task2.V24.Lib\Tyuiu.BotanogovDS.Sprint4.Task2.V24.Lib.csproj", "{87B33AC4-3C2D-4CB9-B84F-435165D5B743}"
EndProject
Project("{FAE04EC0-301F-11D3-BF4B-00C04F79EFBC}") = "Tyuiu.BotanogovDS.Sprint4.Task2.V24.Test", "Tyuiu.BotanogovDS.Sprint4.Task2.V24.Test\Tyuiu.BotanogovDS.Sprint4.Task2.V24.Test.csproj", "{B02D8F64-2436-4E76-992C-34903609EE0E}"
EndProject
Project("{2150E333-8FDC-42A3-9474-1A3956D46DE8}") = "Task 3", "Task 3", "{D31F3694-692E-48BE-9524-ABBAFB618A6D}"
EndProject
Project("{FAE04EC0-301F-11D3-BF4B-00C04F79EFBC}") = "Tyuiu.BotanogovDS.Sprint4.Task3.V26", "Tyuiu.BotanogovDS.Sprint4.Task3.V26\Tyuiu.BotanogovDS.Sprint4.Task3.V26.csproj", "{12AA40EE-0F9D-4BEE-A987-B31B1F4AA40F}"
EndProject
Project("{FAE04EC0-301F-11D3-BF4B-00C04F79EFBC}") = "Tyuiu.BotanogovDS.Sprint4.Task3.V26.Test", "Tyuiu.BotanogovDS.Sprint4.Task3.V26.Test\Tyuiu.BotanogovDS.Sprint4.Task3.V26.Test.csproj", "{1AEABD3F-6A02-41C3-8D64-CB8D0892AD5E}"
EndProject
Project("{FAE04EC0-301F-11D3-BF4B-00C04F79EFBC}") = "Tyuiu.BotanogovDS.Sprint4.Task3.V26.Lib", "Tyuiu.BotanogovDS.Sprint4.Task3.V26.Lib\Tyuiu.BotanogovDS.Sprint4.Task3.V26.Lib.csproj", "{7D77DDF5-931E-40A7-B631-F3B77AD0C0DD}"
EndProject
Global
	GlobalSection(SolutionConfigurationPlatforms) = preSolution
		Debug|Any CPU = Debug|Any CPU
		Release|Any CPU = Release|Any CPU
	EndGlobalSection
	GlobalSection(ProjectConfigurationPlatforms) = postSolution
		{6E0C2E6F-2772-42F9-9F4B-4239A4407448}.Debug|Any CPU.ActiveCfg = Debug|Any CPU
		{6E0C2E6F-2772-42F9-9F4B-4239A4407448}.Debug|Any CPU.Build.0 = Debug|Any CPU
		{6E0C2E6F-2772-42F9-9F4B-4239A4407448}.Release|Any CPU.ActiveCfg = Release|Any CPU
		{6E0C2E6F-2772-42F9-9F4B-4239A4407448}.Release|Any CPU.Build.0 = Release|Any CPU
		{3DB1D574-4143-4310-B8F3-0CA9BFEEFC60}.Debug|Any CPU.ActiveCfg = Debug|Any CPU
		{3DB1D574-4143-4310-B8F3-0CA9BFEEFC60}.Debug|Any CPU.Build.0 = Debug|Any CPU
		{3DB1D574-4143-4310-B8F3-0CA9BFEEFC60}.Release|Any CPU.ActiveCfg = Release|Any CPU
		{3DB1D574-4143-4310-B8F3-0CA9BFEEFC60}.Release|Any CPU.Build.0 = Release|Any CPU
		{52726FCA-7901-443C-9D62-08DFB035A45A}.Debug|Any CPU.ActiveCfg = Debug|Any CPU
		{52726FCA-7901-443C-9D62-08DFB035A45A}.Debug|Any CPU.Build.0 = Debug|Any CPU
		{52726FCA-7901-443C-9D62-08DFB035A45A}.Release|Any CPU.ActiveCfg = Release|Any CPU
		{52726FCA-7901-443C-9D62-08DFB035A45A}.Release|Any CPU.Build.0 = Release|Any CPU
		{7E8FAB6B-8691-4EEA-A049-CF3CE56E42E5}.Debug|Any CPU.ActiveCfg = Debug|Any CPU
		{7E8FAB6B-8691-4EEA-A049-CF3CE56E42E5}.Debug|Any CPU.Build.0 = Debug|Any CPU
		{7E8FAB6B-8691-4EEA-A049-CF3CE56E42E5}.Release|Any CPU.ActiveCfg = Release|Any CPU
		{7E8FAB6B-8691-4EEA-A049-CF3CE56E42E5}.Release|Any CPU.Build.0 = Release|Any CPU
		{437C9688-370D-42AF-9298-FDA8A1F0A532}.Debug|Any CPU.ActiveCfg = Debug|Any CPU
		{437C9688-370D-42AF-9298-FDA8A1F0A532}.Debug|Any CPU.Build.0 = Debug|Any CPU
		{437C9688-370D-42AF-9298-FDA8A1F0A532}.Release|Any CPU.ActiveCfg = Release|Any CPU
		{437C9688-370D-42AF-9298-FDA8A1F0A532}.Release|Any CPU.Build.0 = Release|Any CPU
		{5BE9A6F7-A9EB-426F-8F8D-23FF5215E9FF}.Debug|Any CPU.ActiveCfg = Debug|Any CPU
		{5BE9A6F7-A9EB-426F-8F8D-23FF5215E9FF}.Debug|Any CPU.Build.0 = Debug|Any CPU
		{5BE9A6F7-A9EB-426F-8F8D-23FF5215E9FF}.Release|Any CPU.ActiveCfg = Release|Any CPU
		{5BE9A6F7-A9EB-426F-8F8D-23FF5215E9FF}.Release|Any CPU.Build.0 = Release|Any CPU
		{C7DB4BB9-0842-4854-879A-979B6CA0332C}.Debug|Any CPU.ActiveCfg = Debug|Any CPU
		{C7DB4BB9-0842-4854-879A-979B6CA0332C}.Debug|Any CPU.Build.0 = Debug|Any CPU
		{C7DB4BB9-0842-4854-879A-979B6CA0332C}.Release|Any CPU.ActiveCfg = Release|Any CPU
		{C7DB4BB9-0842-4854-879A-979B6CA0332C}.Release|Any CPU.Build.0 = Release|Any CPU
		{87B33AC4-3C2D-4CB9-B84F-435165D5B743}.Debug|Any CPU.ActiveCfg = Debug|Any CPU
		{87B33AC4-3C2D-4CB9-B84F-435165D5B743}.Debug|Any CPU.Build.0 = Debug|Any CPU
		{87B33AC4-3C2D-4CB9-B84F-435165D5B743}.Release|Any CPU.ActiveCfg = Release|Any CPU
		{87B33AC4-3C2D-4CB9-B84F-435165D5B743}.Release|Any CPU.Build.0 = Release|Any CPU
		{B02D8F64-2436-4E76-992C-34903609EE0E}.Debug|Any CPU.ActiveCfg = Debug|Any CPU
		{B02D8F64-2436-4E76-992C-34903609EE0E}.Debug|Any CPU.Build.0 = Debug|Any CPU
		{B02D8F64-2436-4E76-992C-34903609EE0E}.Release|Any CPU.ActiveCfg = Release|Any CPU
		{B02D8F64-2436-4E76-992C-34903609EE0E}.Release|Any CPU.Build.0 = Release|Any CPU
		{12AA40EE-0F9D-4BEE-A987-B31B1F4AA40F}.Debug|Any CPU.ActiveCfg = Debug|Any CPU
		{12AA40EE-0F9D-4BEE-A987-B31B1F4AA40F}.Debug|Any CPU.Build.0 = Debug|Any CPU
		{12AA40EE-0F9D-4BEE-A987-B31B1F4AA40F}.Release|Any CPU.ActiveCfg = Release|Any CPU
		{12AA40EE-0F9D-4BEE-A987-B31B1F4AA40F}.Release|Any CPU.Build.0 = Release|Any CPU
		{1AEABD3F-6A02-41C3-8D64-CB8D0892AD5E}.Debug|Any CPU.ActiveCfg = Debug|Any CPU
		{1AEABD3F-6A02-41C3-8D64-CB8D0892AD5E}.Debug|Any CPU.Build.0 = Debug|Any CPU
		{1AEABD3F-6A02-41C3-8D64-CB8D0892AD5E}.Release|Any CPU.ActiveCfg = Release|Any CPU
		{1AEABD3F-6A02-41C3-8D64-CB8D0892AD5E}.Release|Any CPU.Build.0 = Release|Any CPU
		{7D77DDF5-931E-40A7-B631-F3B77AD0C0DD}.Debug|Any CPU.ActiveCfg = Debug|Any CPU
		{7D77DDF5-931E-40A7-B631-F3B77AD0C0DD}.Debug|Any CPU.Build.0 = Debug|Any CPU
		{7D77DDF5-931E-40A7-B631-F3B77AD0C0DD}.Release|Any CPU.ActiveCfg = Release|Any CPU
		{7D77DDF5-931E-40A7-B631-F3B77AD0C0DD}.Release|Any CPU.Build.0 = Release|Any CPU
	EndGlobalSection
	GlobalSection(SolutionProperties) = preSolution
		HideSolutionNode = FALSE
	EndGlobalSection
	GlobalSection(NestedProjects) = preSolution
		{6E0C2E6F-2772-42F9-9F4B-4239A4407448} = {FCABF3A9-6318-473C-8693-48D9A2357A4A}
		{3DB1D574-4143-4310-B8F3-0CA9BFEEFC60} = {FCABF3A9-6318-473C-8693-48D9A2357A4A}
		{52726FCA-7901-443C-9D62-08DFB035A45A} = {FCABF3A9-6318-473C-8693-48D9A2357A4A}
		{7E8FAB6B-8691-4EEA-A049-CF3CE56E42E5} = {5F7D907A-3C5B-43DF-80D4-3948511212C5}
		{437C9688-370D-42AF-9298-FDA8A1F0A532} = {5F7D907A-3C5B-43DF-80D4-3948511212C5}
		{5BE9A6F7-A9EB-426F-8F8D-23FF5215E9FF} = {5F7D907A-3C5B-43DF-80D4-3948511212C5}
		{C7DB4BB9-0842-4854-879A-979B6CA0332C} = {1AFD47B5-CAE5-41C7-B827-776A677D5959}
		{87B33AC4-3C2D-4CB9-B84F-435165D5B743} = {1AFD47B5-CAE5-41C7-B827-776A677D5959}
		{B02D8F64-2436-4E76-992C-34903609EE0E} = {1AFD47B5-CAE5-41C7-B827-776A677D5959}
		{12AA40EE-0F9D-4BEE-A987-B31B1F4AA40F} = {D31F3694-692E-48BE-9524-ABBAFB618A6D}
		{1AEABD3F-6A02-41C3-8D64-CB8D0892AD5E} = {D31F3694-692E-48BE-9524-ABBAFB618A6D}
		{7D77DDF5-931E-40A7-B631-F3B77AD0C0DD} = {D31F3694-692E-48BE-9524-ABBAFB618A6D}
	EndGlobalSection
	GlobalSection(ExtensibilityGlobals) = postSolution
		SolutionGuid = {271E89FF-EB4F-473E-A731-B4EBD41A33FA}
	EndGlobalSection
EndGlobal
